<?xml version="1.0" encoding="utf-8"?>
<Project ToolsVersion="4.0" xmlns="http://schemas.microsoft.com/developer/msbuild/2003">
  <ItemGroup>
    <Filter Include="Source Files">
      <UniqueIdentifier>{4FC737F1-C7A5-4376-A066-2A32D752A2FF}</UniqueIdentifier>
      <Extensions>cpp;c;cc;cxx;def;odl;idl;hpj;bat;asm;asmx</Extensions>
    </Filter>
    <Filter Include="Header Files">
      <UniqueIdentifier>{93995380-89BD-4b04-88EB-625FBE52EBFB}</UniqueIdentifier>
      <Extensions>h;hh;hpp;hxx;hm;inl;inc;xsd</Extensions>
    </Filter>
    <Filter Include="Resource Files">
      <UniqueIdentifier>{67DA6AB6-F800-4c08-8B7A-83BB121AAD01}</UniqueIdentifier>
      <Extensions>rc;ico;cur;bmp;dlg;rc2;rct;bin;rgs;gif;jpg;jpeg;jpe;resx;tiff;tif;png;wav;mfcribbon-ms</Extensions>
    </Filter>
    <Filter Include="Header Files\State">
      <UniqueIdentifier>{58c4b697-0585-41ba-bb8c-c60cd9d3c0cd}</UniqueIdentifier>
    </Filter>
    <Filter Include="Source Files\State">
      <UniqueIdentifier>{260c4887-ff87-4ad5-8f8a-2fc37bfe3b1b}</UniqueIdentifier>
    </Filter>
    <Filter Include="Source Files\Action">
      <UniqueIdentifier>{eda9db86-0a32-40f5-a56f-720086955a4f}</UniqueIdentifier>
    </Filter>
    <Filter Include="Header Files\Action">
      <UniqueIdentifier>{58186033-203d-4939-98fd-6e97c3f8b722}</UniqueIdentifier>
    </Filter>
    <Filter Include="Source Files\Combo">
      <UniqueIdentifier>{7222f939-3617-450e-b6c3-bc87f4841c93}</UniqueIdentifier>
    </Filter>
    <Filter Include="Header Files\Combo">
      <UniqueIdentifier>{199ae222-66f7-4af7-9152-156c5067802e}</UniqueIdentifier>
    </Filter>
  </ItemGroup>
  <ItemGroup>
    <Text Include="ReadMe.txt" />
  </ItemGroup>
  <ItemGroup>
    <ClInclude Include="stdafx.h">
      <Filter>Header Files</Filter>
    </ClInclude>
    <ClInclude Include="targetver.h">
      <Filter>Header Files</Filter>
    </ClInclude>
    <ClInclude Include="Character.h">
      <Filter>Header Files</Filter>
    </ClInclude>
    <ClInclude Include="State.h">
      <Filter>Header Files\State</Filter>
    </ClInclude>
    <ClInclude Include="InAir.h">
      <Filter>Header Files\State</Filter>
    </ClInclude>
    <ClInclude Include="Normal.h">
      <Filter>Header Files\State</Filter>
    </ClInclude>
    <ClInclude Include="Stun.h">
      <Filter>Header Files\State</Filter>
    </ClInclude>
    <ClInclude Include="Attack.h">
      <Filter>Header Files\State</Filter>
    </ClInclude>
    <ClInclude Include="InputHandle.h">
      <Filter>Header Files</Filter>
    </ClInclude>
    <ClInclude Include="Crouch.h">
      <Filter>Header Files\Action</Filter>
    </ClInclude>
    <ClInclude Include="Jump.h">
      <Filter>Header Files\Action</Filter>
    </ClInclude>
    <ClInclude Include="Kick.h">
      <Filter>Header Files\Action</Filter>
    </ClInclude>
    <ClInclude Include="MoveBackward.h">
      <Filter>Header Files\Action</Filter>
    </ClInclude>
    <ClInclude Include="MoveForward.h">
      <Filter>Header Files\Action</Filter>
    </ClInclude>
    <ClInclude Include="MoveLeft.h">
      <Filter>Header Files\Action</Filter>
    </ClInclude>
    <ClInclude Include="MoveRight.h">
      <Filter>Header Files\Action</Filter>
    </ClInclude>
    <ClInclude Include="Protect.h">
      <Filter>Header Files\Action</Filter>
    </ClInclude>
    <ClInclude Include="Punch.h">
      <Filter>Header Files\Action</Filter>
    </ClInclude>
    <ClInclude Include="Action.h">
      <Filter>Header Files\Action</Filter>
    </ClInclude>
    <ClInclude Include="Combo.h">
      <Filter>Header Files\Combo</Filter>
    </ClInclude>
    <ClInclude Include="CrouchKick.h">
      <Filter>Header Files\Combo</Filter>
    </ClInclude>
    <ClInclude Include="BackKick.h">
      <Filter>Header Files\Combo</Filter>
    </ClInclude>
    <ClInclude Include="AbstractObservable.h">
      <Filter>Header Files</Filter>
    </ClInclude>
    <ClInclude Include="AbstractObserver.h">
      <Filter>Header Files</Filter>
    </ClInclude>
    <ClInclude Include="Adventure.h">
      <Filter>Header Files</Filter>
    </ClInclude>
    <ClInclude Include="Arena.h">
      <Filter>Header Files</Filter>
    </ClInclude>
    <ClInclude Include="Fight.h">
      <Filter>Header Files</Filter>
    </ClInclude>
    <ClInclude Include="Game.h">
      <Filter>Header Files</Filter>
    </ClInclude>
    <ClInclude Include="GameMode.h">
      <Filter>Header Files</Filter>
    </ClInclude>
    <ClInclude Include="Tournament.h">
      <Filter>Header Files</Filter>
    </ClInclude>
    <ClInclude Include="VictoryCondition.h">
      <Filter>Header Files</Filter>
    </ClInclude>
  </ItemGroup>
  <ItemGroup>
    <ClCompile Include="stdafx.cpp">
      <Filter>Source Files</Filter>
    </ClCompile>
    <ClCompile Include="Engine-Noisette.cpp">
      <Filter>Source Files</Filter>
    </ClCompile>
    <ClCompile Include="Character.cpp">
      <Filter>Source Files</Filter>
    </ClCompile>
    <ClCompile Include="State.cpp">
      <Filter>Source Files\State</Filter>
    </ClCompile>
    <ClCompile Include="Attack.cpp">
      <Filter>Source Files\State</Filter>
    </ClCompile>
    <ClCompile Include="InAir.cpp">
      <Filter>Source Files\State</Filter>
    </ClCompile>
    <ClCompile Include="Normal.cpp">
      <Filter>Source Files\State</Filter>
    </ClCompile>
    <ClCompile Include="Stun.cpp">
      <Filter>Source Files\State</Filter>
    </ClCompile>
    <ClCompile Include="InputHandle.cpp">
      <Filter>Source Files</Filter>
    </ClCompile>
    <ClCompile Include="MoveRight.cpp">
      <Filter>Source Files\Action</Filter>
    </ClCompile>
    <ClCompile Include="MoveLeft.cpp">
      <Filter>Source Files\Action</Filter>
    </ClCompile>
    <ClCompile Include="MoveForward.cpp">
      <Filter>Source Files\Action</Filter>
    </ClCompile>
    <ClCompile Include="MoveBackward.cpp">
      <Filter>Source Files\Action</Filter>
    </ClCompile>
    <ClCompile Include="Kick.cpp">
      <Filter>Source Files\Action</Filter>
    </ClCompile>
    <ClCompile Include="Jump.cpp">
      <Filter>Source Files\Action</Filter>
    </ClCompile>
    <ClCompile Include="Crouch.cpp">
      <Filter>Source Files\Action</Filter>
    </ClCompile>
    <ClCompile Include="Protect.cpp">
      <Filter>Source Files\Action</Filter>
    </ClCompile>
    <ClCompile Include="Punch.cpp">
      <Filter>Source Files\Action</Filter>
    </ClCompile>
    <ClCompile Include="Action.cpp">
      <Filter>Source Files\Action</Filter>
    </ClCompile>
    <ClCompile Include="Combo.cpp">
      <Filter>Source Files\Combo</Filter>
    </ClCompile>
    <ClCompile Include="CrouchKick.cpp">
      <Filter>Source Files\Combo</Filter>
    </ClCompile>
    <ClCompile Include="BackKick.cpp">
      <Filter>Source Files\Combo</Filter>
    </ClCompile>
    <ClCompile Include="AbstractObservable.cpp">
      <Filter>Source Files</Filter>
    </ClCompile>
    <ClCompile Include="AbstractObserver.cpp">
      <Filter>Source Files</Filter>
    </ClCompile>
    <ClCompile Include="Adventure.cpp">
      <Filter>Source Files</Filter>
    </ClCompile>
    <ClCompile Include="Arena.cpp">
      <Filter>Source Files</Filter>
    </ClCompile>
    <ClCompile Include="Fight.cpp">
      <Filter>Source Files</Filter>
    </ClCompile>
    <ClCompile Include="Game.cpp">
      <Filter>Source Files</Filter>
    </ClCompile>
    <ClCompile Include="GameMode.cpp">
      <Filter>Source Files</Filter>
    </ClCompile>
    <ClCompile Include="QuickMatch.cpp">
      <Filter>Source Files</Filter>
    </ClCompile>
    <ClCompile Include="Tournament.cpp">
      <Filter>Source Files</Filter>
    </ClCompile>
  </ItemGroup>
</Project>